// !$*UTF8*$!
{
	archiveVersion = 1;
	classes = {
	};
	objectVersion = 77;
	objects = {

/* Begin PBXBuildFile section */
		017977B296443AE23FE35D54 /* UserProfile.swift in Sources */ = {isa = PBXBuildFile; fileRef = 7B217E99316F3902CF5DEE00 /* UserProfile.swift */; };
		0360C34CCAF65631BB3283AD /* ProfileManager.swift in Sources */ = {isa = PBXBuildFile; fileRef = A3D840DB9853ADB5F401F30F /* ProfileManager.swift */; };
		03AC87D17EC1D8F64447AF7F /* SocialView.swift in Sources */ = {isa = PBXBuildFile; fileRef = 2A97457C41E758E7824AB46B /* SocialView.swift */; };
		0617D25943BE8E7BA8B4E8EB /* HomeView.swift in Sources */ = {isa = PBXBuildFile; fileRef = 36E39A93D455D39B30E4004F /* HomeView.swift */; };
		0686CEC4F6399C0B922A623D /* KeychainManager.swift in Sources */ = {isa = PBXBuildFile; fileRef = 0E8055AD9BB001EA22E00B23 /* KeychainManager.swift */; };
		10938A19243030BB20BC0237 /* AvatarMenuView.swift in Sources */ = {isa = PBXBuildFile; fileRef = 543F7BBFAD2FFD65FA71A00D /* AvatarMenuView.swift */; };
		1E8E120DED255604F600CF93 /* ListMatchView.swift in Sources */ = {isa = PBXBuildFile; fileRef = A777A9E21727EFFB408069AC /* ListMatchView.swift */; };
		23A9A054F4FB00C2E79217B3 /* GraphQLClient.swift in Sources */ = {isa = PBXBuildFile; fileRef = 5C2A263FCBC451EB55C3FFA2 /* GraphQLClient.swift */; };
		26E2B9D557F4035C27897A4C /* GoalManager.swift in Sources */ = {isa = PBXBuildFile; fileRef = 0F241F8ECA53650D02730910 /* GoalManager.swift */; };
		29A4F56AE92385E586356FA5 /* LibraryView.swift in Sources */ = {isa = PBXBuildFile; fileRef = 9AD23C37AEF242D0398BEC1F /* LibraryView.swift */; };
		2A38E0EAFD7CCDFF7B160DAE /* ScannerManager.swift in Sources */ = {isa = PBXBuildFile; fileRef = 67835BAD7583C2543A372F14 /* ScannerManager.swift */; };
		335201A460AD0FE2B58BD952 /* BookFormat.swift in Sources */ = {isa = PBXBuildFile; fileRef = DD4B3925EC7E1F56BB6CE262 /* BookFormat.swift */; };
		39AFDE326D50F94A87ABF2A9 /* ListCreationView.swift in Sources */ = {isa = PBXBuildFile; fileRef = 967BA0943265A84CA35A9131 /* ListCreationView.swift */; };
		39B18400757E84507A2A43BE /* Book.swift in Sources */ = {isa = PBXBuildFile; fileRef = 532052FF7307534961EBE1EF /* Book.swift */; };
		3AB3FEBAFDABC1815CE4E286 /* ContentView.swift in Sources */ = {isa = PBXBuildFile; fileRef = 1AF28625130212B62C83D2AA /* ContentView.swift */; };
		4B5ED9F0B771737F5AC33665 /* ListSetupWizard.swift in Sources */ = {isa = PBXBuildFile; fileRef = 03026B314D7AC82F598D824F /* ListSetupWizard.swift */; };
		4D764AFBF79A6A4F1C4295C4 /* MutationQueue.swift in Sources */ = {isa = PBXBuildFile; fileRef = 7FBFA22A6E0B9DAB9FD4AAD9 /* MutationQueue.swift */; };
		4DBF337515953C4173C48D44 /* Edition.swift in Sources */ = {isa = PBXBuildFile; fileRef = D36CB9262E43057CE2E0FFBD /* Edition.swift */; };
		600455FBBA88D56EC49BC9B6 /* FormatCollectionView.swift in Sources */ = {isa = PBXBuildFile; fileRef = CC22CD83CA57558F664E6F5E /* FormatCollectionView.swift */; };
		60416CC43883275598342F7C /* DJList.swift in Sources */ = {isa = PBXBuildFile; fileRef = FBE855A55029FEF120771791 /* DJList.swift */; };
		6807513504467981731C28DB /* UserBook.swift in Sources */ = {isa = PBXBuildFile; fileRef = 6DD4ABC5E423B842879F1DB3 /* UserBook.swift */; };
		7D0F5655941C047A9621AA1A /* StatusPickerView.swift in Sources */ = {isa = PBXBuildFile; fileRef = CAD8F6744E6DF7DED5693B0B /* StatusPickerView.swift */; };
		82E60D430BC9D4D2E054035B /* PendingMutation.swift in Sources */ = {isa = PBXBuildFile; fileRef = B5640D2C9239DC9C9196E753 /* PendingMutation.swift */; };
		869695827230A5A03BC245E4 /* LibraryManager.swift in Sources */ = {isa = PBXBuildFile; fileRef = 57E7DBCFB5104596A72D9094 /* LibraryManager.swift */; };
		8D00C17F1AFD654EC22A246D /* FormatFilterBar.swift in Sources */ = {isa = PBXBuildFile; fileRef = 8FD1BF57566C00ADD076D0CB /* FormatFilterBar.swift */; };
		8E93C1018E7899F07DDD4B40 /* HardcoverResponseModels.swift in Sources */ = {isa = PBXBuildFile; fileRef = 279D2AD03B4C63653A2D0E7E /* HardcoverResponseModels.swift */; };
		90C34C6050D70C49F527A4E2 /* CachedBook.swift in Sources */ = {isa = PBXBuildFile; fileRef = 9C9105DF54F01C5367A703A6 /* CachedBook.swift */; };
		90FC88B00679ADE593C2ECCC /* DustjacketTheme.swift in Sources */ = {isa = PBXBuildFile; fileRef = DD64ADE2358CC6B0EEF1F139 /* DustjacketTheme.swift */; };
		95AE49DA8B01EDFE3A6227C3 /* SettingsView.swift in Sources */ = {isa = PBXBuildFile; fileRef = 6D62266143F9826525E15B2F /* SettingsView.swift */; };
		9FD33AC9D5EAA1011F7C68C4 /* ScannerView.swift in Sources */ = {isa = PBXBuildFile; fileRef = CE384D20AF52397C1E445A84 /* ScannerView.swift */; };
		A437EA0679F1DD2111516662 /* SyncManager.swift in Sources */ = {isa = PBXBuildFile; fileRef = 5F2ECE89E39074B044BCFDC1 /* SyncManager.swift */; };
		A4D098364F518F63F4EBBBE7 /* ListSetupManager.swift in Sources */ = {isa = PBXBuildFile; fileRef = D05B6756998D7F099B9B8E54 /* ListSetupManager.swift */; };
		AAA716ACB2702CCB637ABFF2 /* CachedEdition.swift in Sources */ = {isa = PBXBuildFile; fileRef = B4618EE33B89C0157F6649B8 /* CachedEdition.swift */; };
		AE0E709ADAE33EDCDE798277 /* ActivityManager.swift in Sources */ = {isa = PBXBuildFile; fileRef = 462A65BA6AD9C54AE75166A5 /* ActivityManager.swift */; };
		BE6DBABDE266C8003533AF41 /* ScanResultView.swift in Sources */ = {isa = PBXBuildFile; fileRef = FC78773770A03AE6684C9B5A /* ScanResultView.swift */; };
		BEB08BFBEC517AF7E6008049 /* ExploreView.swift in Sources */ = {isa = PBXBuildFile; fileRef = E0805155E0F9150E00541B4E /* ExploreView.swift */; };
		C052857CD83B138A4262AF92 /* StatsView.swift in Sources */ = {isa = PBXBuildFile; fileRef = BF32988E646F9B4690E30BE7 /* StatsView.swift */; };
		C96ADA5328F5C6BB25F9E24E /* NetworkMonitor.swift in Sources */ = {isa = PBXBuildFile; fileRef = 0243566BEE831A338E4B0B62 /* NetworkMonitor.swift */; };
		CAB77BBB78A782E12E5CA22D /* HardcoverService.swift in Sources */ = {isa = PBXBuildFile; fileRef = 8579C0C5D08592295F2316D9 /* HardcoverService.swift */; };
		D03600F8A70919C48D230428 /* BookCoverView.swift in Sources */ = {isa = PBXBuildFile; fileRef = E9C41D0AE653AF449C2FBCF8 /* BookCoverView.swift */; };
		D2B99C2E4E0E7449704A0012 /* ISBNLookupService.swift in Sources */ = {isa = PBXBuildFile; fileRef = 5760B1C34BC618CCF87B1969 /* ISBNLookupService.swift */; };
		D9E9E14B7D5C033CFF163F41 /* LoginView.swift in Sources */ = {isa = PBXBuildFile; fileRef = 7DD0A60A180547D1E5FCA489 /* LoginView.swift */; };
		E38576FA8A7601F256EE849F /* ActivityView.swift in Sources */ = {isa = PBXBuildFile; fileRef = 3F50DD63676AF23D2C23164D /* ActivityView.swift */; };
		E7C7858B46188FD9247253F3 /* BookCardView.swift in Sources */ = {isa = PBXBuildFile; fileRef = C351864891A96460EE9B0B17 /* BookCardView.swift */; };
		E8945280D60A15AE9020D124 /* Goal.swift in Sources */ = {isa = PBXBuildFile; fileRef = 6AEB3EA408BE788538213536 /* Goal.swift */; };
		E91CB7734F5171D47775AB31 /* DustjacketApp.swift in Sources */ = {isa = PBXBuildFile; fileRef = 13194C268374FC6A6577C6BC /* DustjacketApp.swift */; };
		E927C2EF4B16B309BBEAE08F /* SearchView.swift in Sources */ = {isa = PBXBuildFile; fileRef = 054DD56ADC15BE065B6A06F5 /* SearchView.swift */; };
		EC647170A4B867AEB30F62A5 /* GoalsView.swift in Sources */ = {isa = PBXBuildFile; fileRef = 36200392A8D9940E9588E9BE /* GoalsView.swift */; };
		F28F14885FC1F28616D8C088 /* ListMapping.swift in Sources */ = {isa = PBXBuildFile; fileRef = 00B16EEFD7632717275BA349 /* ListMapping.swift */; };
		F540F5427947A60788F9FA9E /* OwnershipType.swift in Sources */ = {isa = PBXBuildFile; fileRef = B295402AD00E27A6178BFACC /* OwnershipType.swift */; };
		F7D287C03F172B73F84AC93A /* BookDetailView.swift in Sources */ = {isa = PBXBuildFile; fileRef = BF6D90E21FB2EBA9EC69BC72 /* BookDetailView.swift */; };
		F8898E71B6B267CD91A25956 /* AllListsView.swift in Sources */ = {isa = PBXBuildFile; fileRef = 1021FBD5ED00FCA0CC4FDF10 /* AllListsView.swift */; };
		F9A38B07EC147B04D9257189 /* GlassModifiers.swift in Sources */ = {isa = PBXBuildFile; fileRef = 5C32BD6EFB3F84BBF4A2A32A /* GlassModifiers.swift */; };
/* End PBXBuildFile section */

/* Begin PBXFileReference section */
		00B16EEFD7632717275BA349 /* ListMapping.swift */ = {isa = PBXFileReference; lastKnownFileType = sourcecode.swift; path = ListMapping.swift; sourceTree = "<group>"; };
		0243566BEE831A338E4B0B62 /* NetworkMonitor.swift */ = {isa = PBXFileReference; lastKnownFileType = sourcecode.swift; path = NetworkMonitor.swift; sourceTree = "<group>"; };
		03026B314D7AC82F598D824F /* ListSetupWizard.swift */ = {isa = PBXFileReference; lastKnownFileType = sourcecode.swift; path = ListSetupWizard.swift; sourceTree = "<group>"; };
		054DD56ADC15BE065B6A06F5 /* SearchView.swift */ = {isa = PBXFileReference; lastKnownFileType = sourcecode.swift; path = SearchView.swift; sourceTree = "<group>"; };
		0E8055AD9BB001EA22E00B23 /* KeychainManager.swift */ = {isa = PBXFileReference; lastKnownFileType = sourcecode.swift; path = KeychainManager.swift; sourceTree = "<group>"; };
		0F241F8ECA53650D02730910 /* GoalManager.swift */ = {isa = PBXFileReference; lastKnownFileType = sourcecode.swift; path = GoalManager.swift; sourceTree = "<group>"; };
		1021FBD5ED00FCA0CC4FDF10 /* AllListsView.swift */ = {isa = PBXFileReference; lastKnownFileType = sourcecode.swift; path = AllListsView.swift; sourceTree = "<group>"; };
		13194C268374FC6A6577C6BC /* DustjacketApp.swift */ = {isa = PBXFileReference; lastKnownFileType = sourcecode.swift; path = DustjacketApp.swift; sourceTree = "<group>"; };
		1AF28625130212B62C83D2AA /* ContentView.swift */ = {isa = PBXFileReference; lastKnownFileType = sourcecode.swift; path = ContentView.swift; sourceTree = "<group>"; };
		279D2AD03B4C63653A2D0E7E /* HardcoverResponseModels.swift */ = {isa = PBXFileReference; lastKnownFileType = sourcecode.swift; path = HardcoverResponseModels.swift; sourceTree = "<group>"; };
		2A97457C41E758E7824AB46B /* SocialView.swift */ = {isa = PBXFileReference; lastKnownFileType = sourcecode.swift; path = SocialView.swift; sourceTree = "<group>"; };
		36200392A8D9940E9588E9BE /* GoalsView.swift */ = {isa = PBXFileReference; lastKnownFileType = sourcecode.swift; path = GoalsView.swift; sourceTree = "<group>"; };
		36E39A93D455D39B30E4004F /* HomeView.swift */ = {isa = PBXFileReference; lastKnownFileType = sourcecode.swift; path = HomeView.swift; sourceTree = "<group>"; };
		3F50DD63676AF23D2C23164D /* ActivityView.swift */ = {isa = PBXFileReference; lastKnownFileType = sourcecode.swift; path = ActivityView.swift; sourceTree = "<group>"; };
		462A65BA6AD9C54AE75166A5 /* ActivityManager.swift */ = {isa = PBXFileReference; lastKnownFileType = sourcecode.swift; path = ActivityManager.swift; sourceTree = "<group>"; };
		532052FF7307534961EBE1EF /* Book.swift */ = {isa = PBXFileReference; lastKnownFileType = sourcecode.swift; path = Book.swift; sourceTree = "<group>"; };
		543F7BBFAD2FFD65FA71A00D /* AvatarMenuView.swift */ = {isa = PBXFileReference; lastKnownFileType = sourcecode.swift; path = AvatarMenuView.swift; sourceTree = "<group>"; };
		5760B1C34BC618CCF87B1969 /* ISBNLookupService.swift */ = {isa = PBXFileReference; lastKnownFileType = sourcecode.swift; path = ISBNLookupService.swift; sourceTree = "<group>"; };
		57E7DBCFB5104596A72D9094 /* LibraryManager.swift */ = {isa = PBXFileReference; lastKnownFileType = sourcecode.swift; path = LibraryManager.swift; sourceTree = "<group>"; };
		5C2A263FCBC451EB55C3FFA2 /* GraphQLClient.swift */ = {isa = PBXFileReference; lastKnownFileType = sourcecode.swift; path = GraphQLClient.swift; sourceTree = "<group>"; };
		5C32BD6EFB3F84BBF4A2A32A /* GlassModifiers.swift */ = {isa = PBXFileReference; lastKnownFileType = sourcecode.swift; path = GlassModifiers.swift; sourceTree = "<group>"; };
		5F2ECE89E39074B044BCFDC1 /* SyncManager.swift */ = {isa = PBXFileReference; lastKnownFileType = sourcecode.swift; path = SyncManager.swift; sourceTree = "<group>"; };
		67835BAD7583C2543A372F14 /* ScannerManager.swift */ = {isa = PBXFileReference; lastKnownFileType = sourcecode.swift; path = ScannerManager.swift; sourceTree = "<group>"; };
		6AEB3EA408BE788538213536 /* Goal.swift */ = {isa = PBXFileReference; lastKnownFileType = sourcecode.swift; path = Goal.swift; sourceTree = "<group>"; };
		6D62266143F9826525E15B2F /* SettingsView.swift */ = {isa = PBXFileReference; lastKnownFileType = sourcecode.swift; path = SettingsView.swift; sourceTree = "<group>"; };
		6DD4ABC5E423B842879F1DB3 /* UserBook.swift */ = {isa = PBXFileReference; lastKnownFileType = sourcecode.swift; path = UserBook.swift; sourceTree = "<group>"; };
		7B217E99316F3902CF5DEE00 /* UserProfile.swift */ = {isa = PBXFileReference; lastKnownFileType = sourcecode.swift; path = UserProfile.swift; sourceTree = "<group>"; };
		7DD0A60A180547D1E5FCA489 /* LoginView.swift */ = {isa = PBXFileReference; lastKnownFileType = sourcecode.swift; path = LoginView.swift; sourceTree = "<group>"; };
		7FBFA22A6E0B9DAB9FD4AAD9 /* MutationQueue.swift */ = {isa = PBXFileReference; lastKnownFileType = sourcecode.swift; path = MutationQueue.swift; sourceTree = "<group>"; };
		8579C0C5D08592295F2316D9 /* HardcoverService.swift */ = {isa = PBXFileReference; lastKnownFileType = sourcecode.swift; path = HardcoverService.swift; sourceTree = "<group>"; };
		8FD1BF57566C00ADD076D0CB /* FormatFilterBar.swift */ = {isa = PBXFileReference; lastKnownFileType = sourcecode.swift; path = FormatFilterBar.swift; sourceTree = "<group>"; };
		967BA0943265A84CA35A9131 /* ListCreationView.swift */ = {isa = PBXFileReference; lastKnownFileType = sourcecode.swift; path = ListCreationView.swift; sourceTree = "<group>"; };
		9AD23C37AEF242D0398BEC1F /* LibraryView.swift */ = {isa = PBXFileReference; lastKnownFileType = sourcecode.swift; path = LibraryView.swift; sourceTree = "<group>"; };
		9C9105DF54F01C5367A703A6 /* CachedBook.swift */ = {isa = PBXFileReference; lastKnownFileType = sourcecode.swift; path = CachedBook.swift; sourceTree = "<group>"; };
		A3D840DB9853ADB5F401F30F /* ProfileManager.swift */ = {isa = PBXFileReference; lastKnownFileType = sourcecode.swift; path = ProfileManager.swift; sourceTree = "<group>"; };
		A777A9E21727EFFB408069AC /* ListMatchView.swift */ = {isa = PBXFileReference; lastKnownFileType = sourcecode.swift; path = ListMatchView.swift; sourceTree = "<group>"; };
		B295402AD00E27A6178BFACC /* OwnershipType.swift */ = {isa = PBXFileReference; lastKnownFileType = sourcecode.swift; path = OwnershipType.swift; sourceTree = "<group>"; };
		B3FBD3FA2AF813964286968E /* Dustjacket.app */ = {isa = PBXFileReference; includeInIndex = 0; lastKnownFileType = wrapper.application; path = Dustjacket.app; sourceTree = BUILT_PRODUCTS_DIR; };
		B4618EE33B89C0157F6649B8 /* CachedEdition.swift */ = {isa = PBXFileReference; lastKnownFileType = sourcecode.swift; path = CachedEdition.swift; sourceTree = "<group>"; };
		B5640D2C9239DC9C9196E753 /* PendingMutation.swift */ = {isa = PBXFileReference; lastKnownFileType = sourcecode.swift; path = PendingMutation.swift; sourceTree = "<group>"; };
		BF32988E646F9B4690E30BE7 /* StatsView.swift */ = {isa = PBXFileReference; lastKnownFileType = sourcecode.swift; path = StatsView.swift; sourceTree = "<group>"; };
		BF6D90E21FB2EBA9EC69BC72 /* BookDetailView.swift */ = {isa = PBXFileReference; lastKnownFileType = sourcecode.swift; path = BookDetailView.swift; sourceTree = "<group>"; };
		C351864891A96460EE9B0B17 /* BookCardView.swift */ = {isa = PBXFileReference; lastKnownFileType = sourcecode.swift; path = BookCardView.swift; sourceTree = "<group>"; };
		CAD8F6744E6DF7DED5693B0B /* StatusPickerView.swift */ = {isa = PBXFileReference; lastKnownFileType = sourcecode.swift; path = StatusPickerView.swift; sourceTree = "<group>"; };
		CC22CD83CA57558F664E6F5E /* FormatCollectionView.swift */ = {isa = PBXFileReference; lastKnownFileType = sourcecode.swift; path = FormatCollectionView.swift; sourceTree = "<group>"; };
		CE384D20AF52397C1E445A84 /* ScannerView.swift */ = {isa = PBXFileReference; lastKnownFileType = sourcecode.swift; path = ScannerView.swift; sourceTree = "<group>"; };
		D05B6756998D7F099B9B8E54 /* ListSetupManager.swift */ = {isa = PBXFileReference; lastKnownFileType = sourcecode.swift; path = ListSetupManager.swift; sourceTree = "<group>"; };
		D36CB9262E43057CE2E0FFBD /* Edition.swift */ = {isa = PBXFileReference; lastKnownFileType = sourcecode.swift; path = Edition.swift; sourceTree = "<group>"; };
		DD4B3925EC7E1F56BB6CE262 /* BookFormat.swift */ = {isa = PBXFileReference; lastKnownFileType = sourcecode.swift; path = BookFormat.swift; sourceTree = "<group>"; };
		DD64ADE2358CC6B0EEF1F139 /* DustjacketTheme.swift */ = {isa = PBXFileReference; lastKnownFileType = sourcecode.swift; path = DustjacketTheme.swift; sourceTree = "<group>"; };
		E0805155E0F9150E00541B4E /* ExploreView.swift */ = {isa = PBXFileReference; lastKnownFileType = sourcecode.swift; path = ExploreView.swift; sourceTree = "<group>"; };
		E9C41D0AE653AF449C2FBCF8 /* BookCoverView.swift */ = {isa = PBXFileReference; lastKnownFileType = sourcecode.swift; path = BookCoverView.swift; sourceTree = "<group>"; };
		FBE855A55029FEF120771791 /* DJList.swift */ = {isa = PBXFileReference; lastKnownFileType = sourcecode.swift; path = DJList.swift; sourceTree = "<group>"; };
		FC78773770A03AE6684C9B5A /* ScanResultView.swift */ = {isa = PBXFileReference; lastKnownFileType = sourcecode.swift; path = ScanResultView.swift; sourceTree = "<group>"; };
/* End PBXFileReference section */

/* Begin PBXGroup section */
		08D9AA82B5D3CB821D7504CA /* App */ = {
			isa = PBXGroup;
			children = (
				543F7BBFAD2FFD65FA71A00D /* AvatarMenuView.swift */,
				1AF28625130212B62C83D2AA /* ContentView.swift */,
				13194C268374FC6A6577C6BC /* DustjacketApp.swift */,
			);
			path = App;
			sourceTree = "<group>";
		};
		13B0F06CF0855914F645E577 /* Persistence */ = {
			isa = PBXGroup;
			children = (
				9C9105DF54F01C5367A703A6 /* CachedBook.swift */,
				B4618EE33B89C0157F6649B8 /* CachedEdition.swift */,
				00B16EEFD7632717275BA349 /* ListMapping.swift */,
				B5640D2C9239DC9C9196E753 /* PendingMutation.swift */,
			);
			path = Persistence;
			sourceTree = "<group>";
		};
		3CA73253EB9089424C2ADE21 /* Components */ = {
			isa = PBXGroup;
			children = (
				CC22CD83CA57558F664E6F5E /* FormatCollectionView.swift */,
				CAD8F6744E6DF7DED5693B0B /* StatusPickerView.swift */,
			);
			path = Components;
			sourceTree = "<group>";
		};
		589BDCE2460ABB1547ACFA66 = {
			isa = PBXGroup;
			children = (
				EC50F7099C31E63C86EF82DC /* Dustjacket */,
				6FCB800EEB785E1AE61DDCE4 /* Products */,
			);
			sourceTree = "<group>";
		};
		6FCB800EEB785E1AE61DDCE4 /* Products */ = {
			isa = PBXGroup;
			children = (
				B3FBD3FA2AF813964286968E /* Dustjacket.app */,
			);
			name = Products;
			sourceTree = "<group>";
		};
		7497782C41866E3DAAEE324C /* Managers */ = {
			isa = PBXGroup;
			children = (
				462A65BA6AD9C54AE75166A5 /* ActivityManager.swift */,
				0F241F8ECA53650D02730910 /* GoalManager.swift */,
				57E7DBCFB5104596A72D9094 /* LibraryManager.swift */,
				D05B6756998D7F099B9B8E54 /* ListSetupManager.swift */,
				7FBFA22A6E0B9DAB9FD4AAD9 /* MutationQueue.swift */,
				0243566BEE831A338E4B0B62 /* NetworkMonitor.swift */,
				A3D840DB9853ADB5F401F30F /* ProfileManager.swift */,
				67835BAD7583C2543A372F14 /* ScannerManager.swift */,
				5F2ECE89E39074B044BCFDC1 /* SyncManager.swift */,
			);
			path = Managers;
			sourceTree = "<group>";
		};
		B9BA1AB017631A631388B277 /* Wizard */ = {
			isa = PBXGroup;
			children = (
				967BA0943265A84CA35A9131 /* ListCreationView.swift */,
				A777A9E21727EFFB408069AC /* ListMatchView.swift */,
				03026B314D7AC82F598D824F /* ListSetupWizard.swift */,
			);
			path = Wizard;
			sourceTree = "<group>";
		};
		D348CF3590FF1974719C1B9A /* Theme */ = {
			isa = PBXGroup;
			children = (
				DD64ADE2358CC6B0EEF1F139 /* DustjacketTheme.swift */,
				5C32BD6EFB3F84BBF4A2A32A /* GlassModifiers.swift */,
			);
			path = Theme;
			sourceTree = "<group>";
		};
		DDD69D8CA2C94759041C049E /* Models */ = {
			isa = PBXGroup;
			children = (
				532052FF7307534961EBE1EF /* Book.swift */,
				DD4B3925EC7E1F56BB6CE262 /* BookFormat.swift */,
				FBE855A55029FEF120771791 /* DJList.swift */,
				D36CB9262E43057CE2E0FFBD /* Edition.swift */,
				6AEB3EA408BE788538213536 /* Goal.swift */,
				B295402AD00E27A6178BFACC /* OwnershipType.swift */,
				6DD4ABC5E423B842879F1DB3 /* UserBook.swift */,
				7B217E99316F3902CF5DEE00 /* UserProfile.swift */,
			);
			path = Models;
			sourceTree = "<group>";
		};
		EC50F7099C31E63C86EF82DC /* Dustjacket */ = {
			isa = PBXGroup;
			children = (
				08D9AA82B5D3CB821D7504CA /* App */,
				7497782C41866E3DAAEE324C /* Managers */,
				DDD69D8CA2C94759041C049E /* Models */,
				13B0F06CF0855914F645E577 /* Persistence */,
				EF099C0278A08876EAB283EA /* Services */,
				D348CF3590FF1974719C1B9A /* Theme */,
				F36112BA92FE3BF672A1EDA2 /* Views */,
				B9BA1AB017631A631388B277 /* Wizard */,
			);
			path = Dustjacket;
			sourceTree = "<group>";
		};
		EF099C0278A08876EAB283EA /* Services */ = {
			isa = PBXGroup;
			children = (
				5C2A263FCBC451EB55C3FFA2 /* GraphQLClient.swift */,
				279D2AD03B4C63653A2D0E7E /* HardcoverResponseModels.swift */,
				8579C0C5D08592295F2316D9 /* HardcoverService.swift */,
				5760B1C34BC618CCF87B1969 /* ISBNLookupService.swift */,
				0E8055AD9BB001EA22E00B23 /* KeychainManager.swift */,
			);
			path = Services;
			sourceTree = "<group>";
		};
		F36112BA92FE3BF672A1EDA2 /* Views */ = {
			isa = PBXGroup;
			children = (
				3F50DD63676AF23D2C23164D /* ActivityView.swift */,
				1021FBD5ED00FCA0CC4FDF10 /* AllListsView.swift */,
				C351864891A96460EE9B0B17 /* BookCardView.swift */,
				E9C41D0AE653AF449C2FBCF8 /* BookCoverView.swift */,
				BF6D90E21FB2EBA9EC69BC72 /* BookDetailView.swift */,
				E0805155E0F9150E00541B4E /* ExploreView.swift */,
				8FD1BF57566C00ADD076D0CB /* FormatFilterBar.swift */,
				36200392A8D9940E9588E9BE /* GoalsView.swift */,
				36E39A93D455D39B30E4004F /* HomeView.swift */,
				9AD23C37AEF242D0398BEC1F /* LibraryView.swift */,
				7DD0A60A180547D1E5FCA489 /* LoginView.swift */,
				CE384D20AF52397C1E445A84 /* ScannerView.swift */,
				FC78773770A03AE6684C9B5A /* ScanResultView.swift */,
				054DD56ADC15BE065B6A06F5 /* SearchView.swift */,
				6D62266143F9826525E15B2F /* SettingsView.swift */,
				2A97457C41E758E7824AB46B /* SocialView.swift */,
				BF32988E646F9B4690E30BE7 /* StatsView.swift */,
				3CA73253EB9089424C2ADE21 /* Components */,
			);
			path = Views;
			sourceTree = "<group>";
		};
/* End PBXGroup section */

/* Begin PBXNativeTarget section */
		B363456C3C43B3E9DD7E3454 /* Dustjacket */ = {
			isa = PBXNativeTarget;
			buildConfigurationList = A18ADF294A755B290DCE386E /* Build configuration list for PBXNativeTarget "Dustjacket" */;
			buildPhases = (
				DAB45B17B2337E8A7B1B3105 /* Sources */,
			);
			buildRules = (
			);
			dependencies = (
			);
			name = Dustjacket;
			packageProductDependencies = (
			);
			productName = Dustjacket;
			productReference = B3FBD3FA2AF813964286968E /* Dustjacket.app */;
			productType = "com.apple.product-type.application";
		};
/* End PBXNativeTarget section */

/* Begin PBXProject section */
		4BF5EAAA4F846BF48DC715C3 /* Project object */ = {
			isa = PBXProject;
			attributes = {
				BuildIndependentTargetsInParallel = YES;
				LastUpgradeCheck = 1500;
				TargetAttributes = {
					B363456C3C43B3E9DD7E3454 = {
						ProvisioningStyle = Automatic;
					};
				};
			};
			buildConfigurationList = 182561168E8E115B9EFF7329 /* Build configuration list for PBXProject "Dustjacket" */;
			developmentRegion = en;
			hasScannedForEncodings = 0;
			knownRegions = (
				Base,
				en,
			);
			mainGroup = 589BDCE2460ABB1547ACFA66;
			minimizedProjectReferenceProxies = 1;
			preferredProjectObjectVersion = 77;
			productRefGroup = 6FCB800EEB785E1AE61DDCE4 /* Products */;
			projectDirPath = "";
			projectRoot = "";
			targets = (
				B363456C3C43B3E9DD7E3454 /* Dustjacket */,
			);
		};
/* End PBXProject section */

/* Begin PBXSourcesBuildPhase section */
		DAB45B17B2337E8A7B1B3105 /* Sources */ = {
			isa = PBXSourcesBuildPhase;
			buildActionMask = 2147483647;
			files = (
				AE0E709ADAE33EDCDE798277 /* ActivityManager.swift in Sources */,
				E38576FA8A7601F256EE849F /* ActivityView.swift in Sources */,
				F8898E71B6B267CD91A25956 /* AllListsView.swift in Sources */,
				10938A19243030BB20BC0237 /* AvatarMenuView.swift in Sources */,
				39B18400757E84507A2A43BE /* Book.swift in Sources */,
				E7C7858B46188FD9247253F3 /* BookCardView.swift in Sources */,
				D03600F8A70919C48D230428 /* BookCoverView.swift in Sources */,
				F7D287C03F172B73F84AC93A /* BookDetailView.swift in Sources */,
				335201A460AD0FE2B58BD952 /* BookFormat.swift in Sources */,
				90C34C6050D70C49F527A4E2 /* CachedBook.swift in Sources */,
				AAA716ACB2702CCB637ABFF2 /* CachedEdition.swift in Sources */,
				3AB3FEBAFDABC1815CE4E286 /* ContentView.swift in Sources */,
				60416CC43883275598342F7C /* DJList.swift in Sources */,
				E91CB7734F5171D47775AB31 /* DustjacketApp.swift in Sources */,
				90FC88B00679ADE593C2ECCC /* DustjacketTheme.swift in Sources */,
				4DBF337515953C4173C48D44 /* Edition.swift in Sources */,
				BEB08BFBEC517AF7E6008049 /* ExploreView.swift in Sources */,
				600455FBBA88D56EC49BC9B6 /* FormatCollectionView.swift in Sources */,
				8D00C17F1AFD654EC22A246D /* FormatFilterBar.swift in Sources */,
				F9A38B07EC147B04D9257189 /* GlassModifiers.swift in Sources */,
				E8945280D60A15AE9020D124 /* Goal.swift in Sources */,
				26E2B9D557F4035C27897A4C /* GoalManager.swift in Sources */,
				EC647170A4B867AEB30F62A5 /* GoalsView.swift in Sources */,
				23A9A054F4FB00C2E79217B3 /* GraphQLClient.swift in Sources */,
				8E93C1018E7899F07DDD4B40 /* HardcoverResponseModels.swift in Sources */,
				CAB77BBB78A782E12E5CA22D /* HardcoverService.swift in Sources */,
				0617D25943BE8E7BA8B4E8EB /* HomeView.swift in Sources */,
				D2B99C2E4E0E7449704A0012 /* ISBNLookupService.swift in Sources */,
				0686CEC4F6399C0B922A623D /* KeychainManager.swift in Sources */,
				869695827230A5A03BC245E4 /* LibraryManager.swift in Sources */,
				29A4F56AE92385E586356FA5 /* LibraryView.swift in Sources */,
				39AFDE326D50F94A87ABF2A9 /* ListCreationView.swift in Sources */,
				F28F14885FC1F28616D8C088 /* ListMapping.swift in Sources */,
				1E8E120DED255604F600CF93 /* ListMatchView.swift in Sources */,
				A4D098364F518F63F4EBBBE7 /* ListSetupManager.swift in Sources */,
				4B5ED9F0B771737F5AC33665 /* ListSetupWizard.swift in Sources */,
				D9E9E14B7D5C033CFF163F41 /* LoginView.swift in Sources */,
				4D764AFBF79A6A4F1C4295C4 /* MutationQueue.swift in Sources */,
				C96ADA5328F5C6BB25F9E24E /* NetworkMonitor.swift in Sources */,
				F540F5427947A60788F9FA9E /* OwnershipType.swift in Sources */,
				82E60D430BC9D4D2E054035B /* PendingMutation.swift in Sources */,
				0360C34CCAF65631BB3283AD /* ProfileManager.swift in Sources */,
				BE6DBABDE266C8003533AF41 /* ScanResultView.swift in Sources */,
				2A38E0EAFD7CCDFF7B160DAE /* ScannerManager.swift in Sources */,
				9FD33AC9D5EAA1011F7C68C4 /* ScannerView.swift in Sources */,
				E927C2EF4B16B309BBEAE08F /* SearchView.swift in Sources */,
				95AE49DA8B01EDFE3A6227C3 /* SettingsView.swift in Sources */,
				03AC87D17EC1D8F64447AF7F /* SocialView.swift in Sources */,
				C052857CD83B138A4262AF92 /* StatsView.swift in Sources */,
				7D0F5655941C047A9621AA1A /* StatusPickerView.swift in Sources */,
				A437EA0679F1DD2111516662 /* SyncManager.swift in Sources */,
				6807513504467981731C28DB /* UserBook.swift in Sources */,
				017977B296443AE23FE35D54 /* UserProfile.swift in Sources */,
			);
			runOnlyForDeploymentPostprocessing = 0;
		};
/* End PBXSourcesBuildPhase section */

/* Begin XCBuildConfiguration section */
		1BD93D4B27890FF6DBDD6FEE /* Release */ = {
			isa = XCBuildConfiguration;
			buildSettings = {
				ASSETCATALOG_COMPILER_APPICON_NAME = AppIcon;
				CODE_SIGN_IDENTITY = "iPhone Developer";
				CODE_SIGN_STYLE = Automatic;
				CURRENT_PROJECT_VERSION = 1;
				GENERATE_INFOPLIST_FILE = YES;
				INFOPLIST_KEY_NSCameraUsageDescription = "Dustjacket uses your camera to scan book barcodes";
				INFOPLIST_KEY_UIApplicationSceneManifest_Generation = YES;
				INFOPLIST_KEY_UILaunchScreen_Generation = YES;
				INFOPLIST_KEY_UIRequiresFullScreen = YES;
				INFOPLIST_KEY_UISupportedInterfaceOrientations = UIInterfaceOrientationPortrait;
				LD_RUNPATH_SEARCH_PATHS = (
					"$(inherited)",
					"@executable_path/Frameworks",
				);
				MARKETING_VERSION = 0.0.1;
				PRODUCT_BUNDLE_IDENTIFIER = com.campanale.dustjacket;
				SDKROOT = iphoneos;
				SWIFT_EMIT_LOC_STRINGS = YES;
				TARGETED_DEVICE_FAMILY = "1,2";
			};
			name = Release;
		};
		7CB2477A81C9A9A603EDFC92 /* Debug */ = {
			isa = XCBuildConfiguration;
			buildSettings = {
				ALWAYS_SEARCH_USER_PATHS = NO;
				CLANG_ANALYZER_NONNULL = YES;
				CLANG_ANALYZER_NUMBER_OBJECT_CONVERSION = YES_AGGRESSIVE;
				CLANG_CXX_LANGUAGE_STANDARD = "gnu++14";
				CLANG_CXX_LIBRARY = "libc++";
				CLANG_ENABLE_MODULES = YES;
				CLANG_ENABLE_OBJC_ARC = YES;
				CLANG_ENABLE_OBJC_WEAK = YES;
				CLANG_WARN_BLOCK_CAPTURE_AUTORELEASING = YES;
				CLANG_WARN_BOOL_CONVERSION = YES;
				CLANG_WARN_COMMA = YES;
				CLANG_WARN_CONSTANT_CONVERSION = YES;
				CLANG_WARN_DEPRECATED_OBJC_IMPLEMENTATIONS = YES;
				CLANG_WARN_DIRECT_OBJC_ISA_USAGE = YES_ERROR;
				CLANG_WARN_DOCUMENTATION_COMMENTS = YES;
				CLANG_WARN_EMPTY_BODY = YES;
				CLANG_WARN_ENUM_CONVERSION = YES;
				CLANG_WARN_INFINITE_RECURSION = YES;
				CLANG_WARN_INT_CONVERSION = YES;
				CLANG_WARN_NON_LITERAL_NULL_CONVERSION = YES;
				CLANG_WARN_OBJC_IMPLICIT_RETAIN_SELF = YES;
				CLANG_WARN_OBJC_LITERAL_CONVERSION = YES;
				CLANG_WARN_OBJC_ROOT_CLASS = YES_ERROR;
				CLANG_WARN_QUOTED_INCLUDE_IN_FRAMEWORK_HEADER = YES;
				CLANG_WARN_RANGE_LOOP_ANALYSIS = YES;
				CLANG_WARN_STRICT_PROTOTYPES = YES;
				CLANG_WARN_SUSPICIOUS_MOVE = YES;
				CLANG_WARN_UNGUARDED_AVAILABILITY = YES_AGGRESSIVE;
				CLANG_WARN_UNREACHABLE_CODE = YES;
				CLANG_WARN__DUPLICATE_METHOD_MATCH = YES;
				COPY_PHASE_STRIP = NO;
				DEBUG_INFORMATION_FORMAT = dwarf;
				ENABLE_STRICT_OBJC_MSGSEND = YES;
				ENABLE_TESTABILITY = YES;
				GCC_C_LANGUAGE_STANDARD = gnu11;
				GCC_DYNAMIC_NO_PIC = NO;
				GCC_NO_COMMON_BLOCKS = YES;
				GCC_OPTIMIZATION_LEVEL = 0;
				GCC_PREPROCESSOR_DEFINITIONS = (
					"$(inherited)",
					"DEBUG=1",
				);
				GCC_WARN_64_TO_32_BIT_CONVERSION = YES;
				GCC_WARN_ABOUT_RETURN_TYPE = YES_ERROR;
				GCC_WARN_UNDECLARED_SELECTOR = YES;
				GCC_WARN_UNINITIALIZED_AUTOS = YES_AGGRESSIVE;
				GCC_WARN_UNUSED_FUNCTION = YES;
				GCC_WARN_UNUSED_VARIABLE = YES;
				INFOPLIST_KEY_CFBundleDisplayName = Dustjacket;
				IPHONEOS_DEPLOYMENT_TARGET = 17.0;
				MTL_ENABLE_DEBUG_INFO = INCLUDE_SOURCE;
				MTL_FAST_MATH = YES;
				ONLY_ACTIVE_ARCH = YES;
				PRODUCT_NAME = "$(TARGET_NAME)";
				SDKROOT = iphoneos;
				SWIFT_ACTIVE_COMPILATION_CONDITIONS = DEBUG;
				SWIFT_OPTIMIZATION_LEVEL = "-Onone";
				SWIFT_VERSION = 6.0;
				TARGETED_DEVICE_FAMILY = 1;
			};
			name = Debug;
		};
		95D9428E1EBB70CF78C2117F /* Debug */ = {
			isa = XCBuildConfiguration;
			buildSettings = {
				ASSETCATALOG_COMPILER_APPICON_NAME = AppIcon;
				CODE_SIGN_IDENTITY = "iPhone Developer";
				CODE_SIGN_STYLE = Automatic;
				CURRENT_PROJECT_VERSION = 1;
				GENERATE_INFOPLIST_FILE = YES;
				INFOPLIST_KEY_NSCameraUsageDescription = "Dustjacket uses your camera to scan book barcodes";
				INFOPLIST_KEY_UIApplicationSceneManifest_Generation = YES;
				INFOPLIST_KEY_UILaunchScreen_Generation = YES;
				INFOPLIST_KEY_UIRequiresFullScreen = YES;
				INFOPLIST_KEY_UISupportedInterfaceOrientations = UIInterfaceOrientationPortrait;
				LD_RUNPATH_SEARCH_PATHS = (
					"$(inherited)",
					"@executable_path/Frameworks",
				);
				MARKETING_VERSION = 0.0.1;
				PRODUCT_BUNDLE_IDENTIFIER = com.campanale.dustjacket;
				SDKROOT = iphoneos;
				SWIFT_EMIT_LOC_STRINGS = YES;
				TARGETED_DEVICE_FAMILY = "1,2";
			};
			name = Debug;
		};
		E296E9FB2FD6E3DE9F3D7BD0 /* Release */ = {
			isa = XCBuildConfiguration;
			buildSettings = {
				ALWAYS_SEARCH_USER_PATHS = NO;
				CLANG_ANALYZER_NONNULL = YES;
				CLANG_ANALYZER_NUMBER_OBJECT_CONVERSION = YES_AGGRESSIVE;
				CLANG_CXX_LANGUAGE_STANDARD = "gnu++14";
				CLANG_CXX_LIBRARY = "libc++";
				CLANG_ENABLE_MODULES = YES;
				CLANG_ENABLE_OBJC_ARC = YES;
				CLANG_ENABLE_OBJC_WEAK = YES;
				CLANG_WARN_BLOCK_CAPTURE_AUTORELEASING = YES;
				CLANG_WARN_BOOL_CONVERSION = YES;
				CLANG_WARN_COMMA = YES;
				CLANG_WARN_CONSTANT_CONVERSION = YES;
				CLANG_WARN_DEPRECATED_OBJC_IMPLEMENTATIONS = YES;
				CLANG_WARN_DIRECT_OBJC_ISA_USAGE = YES_ERROR;
				CLANG_WARN_DOCUMENTATION_COMMENTS = YES;
				CLANG_WARN_EMPTY_BODY = YES;
				CLANG_WARN_ENUM_CONVERSION = YES;
				CLANG_WARN_INFINITE_RECURSION = YES;
				CLANG_WARN_INT_CONVERSION = YES;
				CLANG_WARN_NON_LITERAL_NULL_CONVERSION = YES;
				CLANG_WARN_OBJC_IMPLICIT_RETAIN_SELF = YES;
				CLANG_WARN_OBJC_LITERAL_CONVERSION = YES;
				CLANG_WARN_OBJC_ROOT_CLASS = YES_ERROR;
				CLANG_WARN_QUOTED_INCLUDE_IN_FRAMEWORK_HEADER = YES;
				CLANG_WARN_RANGE_LOOP_ANALYSIS = YES;
				CLANG_WARN_STRICT_PROTOTYPES = YES;
				CLANG_WARN_SUSPICIOUS_MOVE = YES;
				CLANG_WARN_UNGUARDED_AVAILABILITY = YES_AGGRESSIVE;
				CLANG_WARN_UNREACHABLE_CODE = YES;
				CLANG_WARN__DUPLICATE_METHOD_MATCH = YES;
				COPY_PHASE_STRIP = NO;
				DEBUG_INFORMATION_FORMAT = "dwarf-with-dsym";
				ENABLE_NS_ASSERTIONS = NO;
				ENABLE_STRICT_OBJC_MSGSEND = YES;
				GCC_C_LANGUAGE_STANDARD = gnu11;
				GCC_NO_COMMON_BLOCKS = YES;
				GCC_WARN_64_TO_32_BIT_CONVERSION = YES;
				GCC_WARN_ABOUT_RETURN_TYPE = YES_ERROR;
				GCC_WARN_UNDECLARED_SELECTOR = YES;
				GCC_WARN_UNINITIALIZED_AUTOS = YES_AGGRESSIVE;
				GCC_WARN_UNUSED_FUNCTION = YES;
				GCC_WARN_UNUSED_VARIABLE = YES;
				INFOPLIST_KEY_CFBundleDisplayName = Dustjacket;
				IPHONEOS_DEPLOYMENT_TARGET = 17.0;
				MTL_ENABLE_DEBUG_INFO = NO;
				MTL_FAST_MATH = YES;
				PRODUCT_NAME = "$(TARGET_NAME)";
				SDKROOT = iphoneos;
				SWIFT_COMPILATION_MODE = wholemodule;
				SWIFT_OPTIMIZATION_LEVEL = "-O";
				SWIFT_VERSION = 6.0;
				TARGETED_DEVICE_FAMILY = 1;
			};
			name = Release;
		};
/* End XCBuildConfiguration section */

/* Begin XCConfigurationList section */
		182561168E8E115B9EFF7329 /* Build configuration list for PBXProject "Dustjacket" */ = {
			isa = XCConfigurationList;
			buildConfigurations = (
				7CB2477A81C9A9A603EDFC92 /* Debug */,
				E296E9FB2FD6E3DE9F3D7BD0 /* Release */,
			);
			defaultConfigurationIsVisible = 0;
			defaultConfigurationName = Debug;
		};
		A18ADF294A755B290DCE386E /* Build configuration list for PBXNativeTarget "Dustjacket" */ = {
			isa = XCConfigurationList;
			buildConfigurations = (
				95D9428E1EBB70CF78C2117F /* Debug */,
				1BD93D4B27890FF6DBDD6FEE /* Release */,
			);
			defaultConfigurationIsVisible = 0;
			defaultConfigurationName = Debug;
		};
/* End XCConfigurationList section */
	};
	rootObject = 4BF5EAAA4F846BF48DC715C3 /* Project object */;
}
